
Microsoft Visual Studio Solution File, Format Version 12.00
# Visual Studio Version 17
VisualStudioVersion = 17.14.37012.4
MinimumVisualStudioVersion = 10.0.40219.1
Project("{FAE04EC0-301F-11D3-BF4B-00C04F79EFBC}") = "TrafagSalesExporter", "TrafagSalesExporter.csproj", "{49B56D6D-731C-6482-4A5C-82EAEEBCE593}"
EndProject
Project("{FAE04EC0-301F-11D3-BF4B-00C04F79EFBC}") = "TrafagSalesExporter.Tests", "TrafagSalesExporter.Tests\TrafagSalesExporter.Tests.csproj", "{A72D1AFB-E49E-4920-B783-EFFE1132435D}"
EndProject
Global
	GlobalSection(SolutionConfigurationPlatforms) = preSolution
		Debug|Any CPU = Debug|Any CPU
		Debug|x64 = Debug|x64
		Debug|x86 = Debug|x86
		Release|Any CPU = Release|Any CPU
		Release|x64 = Release|x64
		Release|x86 = Release|x86
	EndGlobalSection
	GlobalSection(ProjectConfigurationPlatforms) = postSolution
		{49B56D6D-731C-6482-4A5C-82EAEEBCE593}.Debug|Any CPU.ActiveCfg = Debug|Any CPU
		{49B56D6D-731C-6482-4A5C-82EAEEBCE593}.Debug|Any CPU.Build.0 = Debug|Any CPU
		{49B56D6D-731C-6482-4A5C-82EAEEBCE593}.Debug|x64.ActiveCfg = Debug|Any CPU
		{49B56D6D-731C-6482-4A5C-82EAEEBCE593}.Debug|x64.Build.0 = Debug|Any CPU
		{49B56D6D-731C-6482-4A5C-82EAEEBCE593}.Debug|x86.ActiveCfg = Debug|Any CPU
		{49B56D6D-731C-6482-4A5C-82EAEEBCE593}.Debug|x86.Build.0 = Debug|Any CPU
		{49B56D6D-731C-6482-4A5C-82EAEEBCE593}.Release|Any CPU.ActiveCfg = Release|Any CPU
		{49B56D6D-731C-6482-4A5C-82EAEEBCE593}.Release|Any CPU.Build.0 = Release|Any CPU
		{49B56D6D-731C-6482-4A5C-82EAEEBCE593}.Release|x64.ActiveCfg = Release|Any CPU
		{49B56D6D-731C-6482-4A5C-82EAEEBCE593}.Release|x64.Build.0 = Release|Any CPU
		{49B56D6D-731C-6482-4A5C-82EAEEBCE593}.Release|x86.ActiveCfg = Release|Any CPU
		{49B56D6D-731C-6482-4A5C-82EAEEBCE593}.Release|x86.Build.0 = Release|Any CPU
		{A72D1AFB-E49E-4920-B783-EFFE1132435D}.Debug|Any CPU.ActiveCfg = Debug|Any CPU
		{A72D1AFB-E49E-4920-B783-EFFE1132435D}.Debug|Any CPU.Build.0 = Debug|Any CPU
		{A72D1AFB-E49E-4920-B783-EFFE1132435D}.Debug|x64.ActiveCfg = Debug|Any CPU
		{A72D1AFB-E49E-4920-B783-EFFE1132435D}.Debug|x64.Build.0 = Debug|Any CPU
		{A72D1AFB-E49E-4920-B783-EFFE1132435D}.Debug|x86.ActiveCfg = Debug|Any CPU
		{A72D1AFB-E49E-4920-B783-EFFE1132435D}.Debug|x86.Build.0 = Debug|Any CPU
		{A72D1AFB-E49E-4920-B783-EFFE1132435D}.Release|Any CPU.ActiveCfg = Release|Any CPU
		{A72D1AFB-E49E-4920-B783-EFFE1132435D}.Release|Any CPU.Build.0 = Release|Any CPU
		{A72D1AFB-E49E-4920-B783-EFFE1132435D}.Release|x64.ActiveCfg = Release|Any CPU
		{A72D1AFB-E49E-4920-B783-EFFE1132435D}.Release|x64.Build.0 = Release|Any CPU
		{A72D1AFB-E49E-4920-B783-EFFE1132435D}.Release|x86.ActiveCfg = Release|Any CPU
		{A72D1AFB-E49E-4920-B783-EFFE1132435D}.Release|x86.Build.0 = Release|Any CPU
	EndGlobalSection
	GlobalSection(SolutionProperties) = preSolution
		HideSolutionNode = FALSE
	EndGlobalSection
	GlobalSection(ExtensibilityGlobals) = postSolution
		SolutionGuid = {DC174EA0-ECCB-4957-9D97-E7ABED992867}
	EndGlobalSection
EndGlobal
