// !$*UTF8*$!
{
	archiveVersion = 1;
	classes = {
	};
	objectVersion = 56;
	objects = {

/* Begin PBXBuildFile section */
		A1000001229E3D0000000001 /* AudioVUMeterApp.swift in Sources */ = {isa = PBXBuildFile; fileRef = A1000002229E3D0000000001 /* AudioVUMeterApp.swift */; };
		A1000003229E3D0000000002 /* ContentView.swift in Sources */ = {isa = PBXBuildFile; fileRef = A1000004229E3D0000000002 /* ContentView.swift */; };
		A1000005229E3D0000000003 /* VUMeterView.swift in Sources */ = {isa = PBXBuildFile; fileRef = A1000006229E3D0000000003 /* VUMeterView.swift */; };
		A1000007229E3D0000000004 /* AudioEngine.swift in Sources */ = {isa = PBXBuildFile; fileRef = A1000008229E3D0000000004 /* AudioEngine.swift */; };
		A1000009229E3D0000000005 /* SystemMonitor.swift in Sources */ = {isa = PBXBuildFile; fileRef = A100000A229E3D0000000005 /* SystemMonitor.swift */; };
		A100000B229E3D0000000006 /* SettingsView.swift in Sources */ = {isa = PBXBuildFile; fileRef = A100000C229E3D0000000006 /* SettingsView.swift */; };
		A100000D229E3D0000000007 /* Assets.xcassets in Resources */ = {isa = PBXBuildFile; fileRef = A100000E229E3D0000000007 /* Assets.xcassets */; };
		A1000020229E3D0000000019 /* SerialManager.swift in Sources */ = {isa = PBXBuildFile; fileRef = A1000021229E3D000000001A /* SerialManager.swift */; };
		A1000022229E3D000000001B /* HardwareView.swift in Sources */ = {isa = PBXBuildFile; fileRef = A1000023229E3D000000001C /* HardwareView.swift */; };
		A1000024229E3D000000001D /* VUServer.swift in Sources */ = {isa = PBXBuildFile; fileRef = A1000025229E3D000000001E /* VUServer.swift */; };
		A1000026229E3D000000001F /* ServerView.swift in Sources */ = {isa = PBXBuildFile; fileRef = A1000027229E3D0000000020 /* ServerView.swift */; };
/* End PBXBuildFile section */

/* Begin PBXFileReference section */
		A1000002229E3D0000000001 /* AudioVUMeterApp.swift */ = {isa = PBXFileReference; lastKnownFileType = sourcecode.swift; path = AudioVUMeterApp.swift; sourceTree = "<group>"; };
		A1000004229E3D0000000002 /* ContentView.swift */ = {isa = PBXFileReference; lastKnownFileType = sourcecode.swift; path = ContentView.swift; sourceTree = "<group>"; };
		A1000006229E3D0000000003 /* VUMeterView.swift */ = {isa = PBXFileReference; lastKnownFileType = sourcecode.swift; path = VUMeterView.swift; sourceTree = "<group>"; };
		A1000008229E3D0000000004 /* AudioEngine.swift */ = {isa = PBXFileReference; lastKnownFileType = sourcecode.swift; path = AudioEngine.swift; sourceTree = "<group>"; };
		A100000A229E3D0000000005 /* SystemMonitor.swift */ = {isa = PBXFileReference; lastKnownFileType = sourcecode.swift; path = SystemMonitor.swift; sourceTree = "<group>"; };
		A100000C229E3D0000000006 /* SettingsView.swift */ = {isa = PBXFileReference; lastKnownFileType = sourcecode.swift; path = SettingsView.swift; sourceTree = "<group>"; };
		A100000E229E3D0000000007 /* Assets.xcassets */ = {isa = PBXFileReference; lastKnownFileType = folder.assetcatalog; path = Assets.xcassets; sourceTree = "<group>"; };
		A100000F229E3D0000000008 /* AudioVUMeter.entitlements */ = {isa = PBXFileReference; lastKnownFileType = text.plist.entitlements; path = AudioVUMeter.entitlements; sourceTree = "<group>"; };
		A1000010229E3D0000000009 /* Info.plist */ = {isa = PBXFileReference; lastKnownFileType = text.plist.xml; path = Info.plist; sourceTree = "<group>"; };
		A1000011229E3D000000000A /* AudioVUMeter.app */ = {isa = PBXFileReference; explicitFileType = wrapper.application; includeInIndex = 0; path = AudioVUMeter.app; sourceTree = BUILT_PRODUCTS_DIR; };
		A1000021229E3D000000001A /* SerialManager.swift */ = {isa = PBXFileReference; lastKnownFileType = sourcecode.swift; path = SerialManager.swift; sourceTree = "<group>"; };
		A1000023229E3D000000001C /* HardwareView.swift */ = {isa = PBXFileReference; lastKnownFileType = sourcecode.swift; path = HardwareView.swift; sourceTree = "<group>"; };
		A1000025229E3D000000001E /* VUServer.swift */ = {isa = PBXFileReference; lastKnownFileType = sourcecode.swift; path = VUServer.swift; sourceTree = "<group>"; };
		A1000027229E3D0000000020 /* ServerView.swift */ = {isa = PBXFileReference; lastKnownFileType = sourcecode.swift; path = ServerView.swift; sourceTree = "<group>"; };
/* End PBXFileReference section */

/* Begin PBXFrameworksBuildPhase section */
		A1000012229E3D000000000B /* Frameworks */ = {
			isa = PBXFrameworksBuildPhase;
			buildActionMask = 2147483647;
			files = (
			);
			runOnlyForDeploymentPostprocessing = 0;
		};
/* End PBXFrameworksBuildPhase section */

/* Begin PBXGroup section */
		A1000013229E3D000000000C = {
			isa = PBXGroup;
			children = (
				A1000014229E3D000000000D /* AudioVUMeter */,
				A1000015229E3D000000000E /* Products */,
			);
			sourceTree = "<group>";
		};
		A1000014229E3D000000000D /* AudioVUMeter */ = {
			isa = PBXGroup;
			children = (
				A1000002229E3D0000000001 /* AudioVUMeterApp.swift */,
				A1000004229E3D0000000002 /* ContentView.swift */,
				A1000006229E3D0000000003 /* VUMeterView.swift */,
				A1000008229E3D0000000004 /* AudioEngine.swift */,
				A100000A229E3D0000000005 /* SystemMonitor.swift */,
				A100000C229E3D0000000006 /* SettingsView.swift */,
				A1000021229E3D000000001A /* SerialManager.swift */,
				A1000023229E3D000000001C /* HardwareView.swift */,
				A1000025229E3D000000001E /* VUServer.swift */,
				A1000027229E3D0000000020 /* ServerView.swift */,
				A100000E229E3D0000000007 /* Assets.xcassets */,
				A100000F229E3D0000000008 /* AudioVUMeter.entitlements */,
				A1000010229E3D0000000009 /* Info.plist */,
			);
			path = AudioVUMeter;
			sourceTree = "<group>";
		};
		A1000015229E3D000000000E /* Products */ = {
			isa = PBXGroup;
			children = (
				A1000011229E3D000000000A /* AudioVUMeter.app */,
			);
			name = Products;
			sourceTree = "<group>";
		};
/* End PBXGroup section */

/* Begin PBXNativeTarget section */
		A1000016229E3D000000000F /* AudioVUMeter */ = {
			isa = PBXNativeTarget;
			buildConfigurationList = A1000017229E3D0000000010 /* Build configuration list for PBXNativeTarget "AudioVUMeter" */;
			buildPhases = (
				A1000018229E3D0000000011 /* Sources */,
				A1000012229E3D000000000B /* Frameworks */,
				A1000019229E3D0000000012 /* Resources */,
			);
			buildRules = (
			);
			dependencies = (
			);
			name = AudioVUMeter;
			productName = AudioVUMeter;
			productReference = A1000011229E3D000000000A /* AudioVUMeter.app */;
			productType = "com.apple.product-type.application";
		};
/* End PBXNativeTarget section */

/* Begin PBXProject section */
		A100001A229E3D0000000013 /* Project object */ = {
			isa = PBXProject;
			attributes = {
				BuildIndependentTargetsInParallel = 1;
				LastSwiftUpdateCheck = 1500;
				LastUpgradeCheck = 1500;
				TargetAttributes = {
					A1000016229E3D000000000F = {
						CreatedOnToolsVersion = 15.0;
					};
				};
			};
			buildConfigurationList = A100001B229E3D0000000014 /* Build configuration list for PBXProject "AudioVUMeter" */;
			compatibilityVersion = "Xcode 14.0";
			developmentRegion = en;
			hasScannedForEncodings = 0;
			knownRegions = (
				en,
				Base,
			);
			mainGroup = A1000013229E3D000000000C;
			productRefGroup = A1000015229E3D000000000E /* Products */;
			projectDirPath = "";
			projectRoot = "";
			targets = (
				A1000016229E3D000000000F /* AudioVUMeter */,
			);
		};
/* End PBXProject section */

/* Begin PBXResourcesBuildPhase section */
		A1000019229E3D0000000012 /* Resources */ = {
			isa = PBXResourcesBuildPhase;
			buildActionMask = 2147483647;
			files = (
				A100000D229E3D0000000007 /* Assets.xcassets in Resources */,
			);
			runOnlyForDeploymentPostprocessing = 0;
		};
/* End PBXResourcesBuildPhase section */

/* Begin PBXSourcesBuildPhase section */
		A1000018229E3D0000000011 /* Sources */ = {
			isa = PBXSourcesBuildPhase;
			buildActionMask = 2147483647;
			files = (
				A1000001229E3D0000000001 /* AudioVUMeterApp.swift in Sources */,
				A1000003229E3D0000000002 /* ContentView.swift in Sources */,
				A1000005229E3D0000000003 /* VUMeterView.swift in Sources */,
				A1000007229E3D0000000004 /* AudioEngine.swift in Sources */,
				A1000009229E3D0000000005 /* SystemMonitor.swift in Sources */,
				A100000B229E3D0000000006 /* SettingsView.swift in Sources */,
				A1000020229E3D0000000019 /* SerialManager.swift in Sources */,
				A1000022229E3D000000001B /* HardwareView.swift in Sources */,
				A1000024229E3D000000001D /* VUServer.swift in Sources */,
				A1000026229E3D000000001F /* ServerView.swift in Sources */,
			);
			runOnlyForDeploymentPostprocessing = 0;
		};
/* End PBXSourcesBuildPhase section */

/* Begin XCBuildConfiguration section */
		A100001C229E3D0000000015 /* Debug */ = {
			isa = XCBuildConfiguration;
			buildSettings = {
				ALWAYS_SEARCH_USER_PATHS = NO;
				ASSETCATALOG_COMPILER_GENERATE_SWIFT_ASSET_SYMBOL_EXTENSIONS = YES;
				CLANG_ANALYZER_NONNULL = YES;
				CLANG_ANALYZER_NUMBER_OBJECT_CONVERSION = YES_AGGRESSIVE;
				CLANG_CXX_LANGUAGE_STANDARD = "gnu++20";
				CLANG_ENABLE_MODULES = YES;
				CLANG_ENABLE_OBJC_ARC = YES;
				CLANG_ENABLE_OBJC_WEAK = YES;
				CLANG_WARN_BLOCK_CAPTURE_AUTORELEASING = YES;
				CLANG_WARN_BOOL_CONVERSION = YES;
				CLANG_WARN_COMMA = YES;
				CLANG_WARN_CONSTANT_CONVERSION = YES;
				CLANG_WARN_DEPRECATED_OBJC_IMPLEMENTATIONS = YES;
				CLANG_WARN_DIRECT_OBJC_ISA_USAGE = YES_ERROR;
				CLANG_WARN_DOCUMENTATION_COMMENTS = YES;
				CLANG_WARN_EMPTY_BODY = YES;
				CLANG_WARN_ENUM_CONVERSION = YES;
				CLANG_WARN_INFINITE_RECURSION = YES;
				CLANG_WARN_INT_CONVERSION = YES;
				CLANG_WARN_NON_LITERAL_NULL_CONVERSION = YES;
				CLANG_WARN_OBJC_IMPLICIT_RETAIN_SELF = YES;
				CLANG_WARN_OBJC_LITERAL_CONVERSION = YES;
				CLANG_WARN_OBJC_ROOT_CLASS = YES_ERROR;
				CLANG_WARN_QUOTED_INCLUDE_IN_FRAMEWORK_HEADER = YES;
				CLANG_WARN_RANGE_LOOP_ANALYSIS = YES;
				CLANG_WARN_STRICT_PROTOTYPES = YES;
				CLANG_WARN_SUSPICIOUS_MOVE = YES;
				CLANG_WARN_UNGUARDED_AVAILABILITY = YES_AGGRESSIVE;
				CLANG_WARN_UNREACHABLE_CODE = YES;
				CLANG_WARN__DUPLICATE_METHOD_MATCH = YES;
				COPY_PHASE_STRIP = NO;
				DEBUG_INFORMATION_FORMAT = dwarf;
				ENABLE_STRICT_OBJC_MSGSEND = YES;
				ENABLE_TESTABILITY = YES;
				ENABLE_USER_SCRIPT_SANDBOXING = YES;
				GCC_C_LANGUAGE_STANDARD = gnu17;
				GCC_DYNAMIC_NO_PIC = NO;
				GCC_NO_COMMON_BLOCKS = YES;
				GCC_OPTIMIZATION_LEVEL = 0;
				GCC_PREPROCESSOR_DEFINITIONS = (
					"DEBUG=1",
					"$(inherited)",
				);
				GCC_WARN_64_TO_32_BIT_CONVERSION = YES;
				GCC_WARN_ABOUT_RETURN_TYPE = YES_ERROR;
				GCC_WARN_UNDECLARED_SELECTOR = YES;
				GCC_WARN_UNINITIALIZED_AUTOS = YES_AGGRESSIVE;
				GCC_WARN_UNUSED_FUNCTION = YES;
				GCC_WARN_UNUSED_VARIABLE = YES;
				MACOSX_DEPLOYMENT_TARGET = 13.0;
				MTL_ENABLE_DEBUG_INFO = INCLUDE_SOURCE;
				MTL_FAST_MATH = YES;
				ONLY_ACTIVE_ARCH = YES;
				SDKROOT = macosx;
				SWIFT_ACTIVE_COMPILATION_CONDITIONS = "DEBUG $(inherited)";
				SWIFT_OPTIMIZATION_LEVEL = "-Onone";
			};
			name = Debug;
		};
		A100001D229E3D0000000016 /* Release */ = {
			isa = XCBuildConfiguration;
			buildSettings = {
				ALWAYS_SEARCH_USER_PATHS = NO;
				ASSETCATALOG_COMPILER_GENERATE_SWIFT_ASSET_SYMBOL_EXTENSIONS = YES;
				CLANG_ANALYZER_NONNULL = YES;
				CLANG_ANALYZER_NUMBER_OBJECT_CONVERSION = YES_AGGRESSIVE;
				CLANG_CXX_LANGUAGE_STANDARD = "gnu++20";
				CLANG_ENABLE_MODULES = YES;
				CLANG_ENABLE_OBJC_ARC = YES;
				CLANG_ENABLE_OBJC_WEAK = YES;
				CLANG_WARN_BLOCK_CAPTURE_AUTORELEASING = YES;
				CLANG_WARN_BOOL_CONVERSION = YES;
				CLANG_WARN_COMMA = YES;
				CLANG_WARN_CONSTANT_CONVERSION = YES;
				CLANG_WARN_DEPRECATED_OBJC_IMPLEMENTATIONS = YES;
				CLANG_WARN_DIRECT_OBJC_ISA_USAGE = YES_ERROR;
				CLANG_WARN_DOCUMENTATION_COMMENTS = YES;
				CLANG_WARN_EMPTY_BODY = YES;
				CLANG_WARN_ENUM_CONVERSION = YES;
				CLANG_WARN_INFINITE_RECURSION = YES;
				CLANG_WARN_INT_CONVERSION = YES;
				CLANG_WARN_NON_LITERAL_NULL_CONVERSION = YES;
				CLANG_WARN_OBJC_IMPLICIT_RETAIN_SELF = YES;
				CLANG_WARN_OBJC_LITERAL_CONVERSION = YES;
				CLANG_WARN_OBJC_ROOT_CLASS = YES_ERROR;
				CLANG_WARN_QUOTED_INCLUDE_IN_FRAMEWORK_HEADER = YES;
				CLANG_WARN_RANGE_LOOP_ANALYSIS = YES;
				CLANG_WARN_STRICT_PROTOTYPES = YES;
				CLANG_WARN_SUSPICIOUS_MOVE = YES;
				CLANG_WARN_UNGUARDED_AVAILABILITY = YES_AGGRESSIVE;
				CLANG_WARN_UNREACHABLE_CODE = YES;
				CLANG_WARN__DUPLICATE_METHOD_MATCH = YES;
				COPY_PHASE_STRIP = NO;
				DEBUG_INFORMATION_FORMAT = "dwarf-with-dsym";
				ENABLE_NS_ASSERTIONS = NO;
				ENABLE_STRICT_OBJC_MSGSEND = YES;
				ENABLE_USER_SCRIPT_SANDBOXING = YES;
				GCC_C_LANGUAGE_STANDARD = gnu17;
				GCC_NO_COMMON_BLOCKS = YES;
				GCC_WARN_64_TO_32_BIT_CONVERSION = YES;
				GCC_WARN_ABOUT_RETURN_TYPE = YES_ERROR;
				GCC_WARN_UNDECLARED_SELECTOR = YES;
				GCC_WARN_UNINITIALIZED_AUTOS = YES_AGGRESSIVE;
				GCC_WARN_UNUSED_FUNCTION = YES;
				GCC_WARN_UNUSED_VARIABLE = YES;
				MACOSX_DEPLOYMENT_TARGET = 13.0;
				MTL_ENABLE_DEBUG_INFO = NO;
				MTL_FAST_MATH = YES;
				SDKROOT = macosx;
				SWIFT_COMPILATION_MODE = wholemodule;
			};
			name = Release;
		};
		A100001E229E3D0000000017 /* Debug */ = {
			isa = XCBuildConfiguration;
			buildSettings = {
				ASSETCATALOG_COMPILER_APPICON_NAME = AppIcon;
				ASSETCATALOG_COMPILER_GLOBAL_ACCENT_COLOR_NAME = AccentColor;
				CODE_SIGN_ENTITLEMENTS = AudioVUMeter/AudioVUMeter.entitlements;
				CODE_SIGN_STYLE = Automatic;
				COMBINE_HIDPI_IMAGES = YES;
				CURRENT_PROJECT_VERSION = 2;
				DEVELOPMENT_ASSET_PATHS = "";
				ENABLE_HARDENED_RUNTIME = YES;
				ENABLE_PREVIEWS = YES;
				GENERATE_INFOPLIST_FILE = YES;
				INFOPLIST_FILE = AudioVUMeter/Info.plist;
				INFOPLIST_KEY_LSApplicationCategoryType = "public.app-category.utilities";
				INFOPLIST_KEY_NSHumanReadableCopyright = "";
				INFOPLIST_KEY_NSMicrophoneUsageDescription = "Audio VU Meter needs access to audio input to display audio levels from BlackHole or other audio devices.";
				LD_RUNPATH_SEARCH_PATHS = (
					"$(inherited)",
					"@executable_path/../Frameworks",
				);
				MARKETING_VERSION = 1.2;
				PRODUCT_BUNDLE_IDENTIFIER = com.audiotools.AudioVUMeter;
				PRODUCT_NAME = "$(TARGET_NAME)";
				SWIFT_EMIT_LOC_STRINGS = YES;
				SWIFT_VERSION = 5.0;
			};
			name = Debug;
		};
		A100001F229E3D0000000018 /* Release */ = {
			isa = XCBuildConfiguration;
			buildSettings = {
				ASSETCATALOG_COMPILER_APPICON_NAME = AppIcon;
				ASSETCATALOG_COMPILER_GLOBAL_ACCENT_COLOR_NAME = AccentColor;
				CODE_SIGN_ENTITLEMENTS = AudioVUMeter/AudioVUMeter.entitlements;
				CODE_SIGN_STYLE = Automatic;
				COMBINE_HIDPI_IMAGES = YES;
				CURRENT_PROJECT_VERSION = 2;
				DEVELOPMENT_ASSET_PATHS = "";
				ENABLE_HARDENED_RUNTIME = YES;
				ENABLE_PREVIEWS = YES;
				GENERATE_INFOPLIST_FILE = YES;
				INFOPLIST_FILE = AudioVUMeter/Info.plist;
				INFOPLIST_KEY_LSApplicationCategoryType = "public.app-category.utilities";
				INFOPLIST_KEY_NSHumanReadableCopyright = "";
				INFOPLIST_KEY_NSMicrophoneUsageDescription = "Audio VU Meter needs access to audio input to display audio levels from BlackHole or other audio devices.";
				LD_RUNPATH_SEARCH_PATHS = (
					"$(inherited)",
					"@executable_path/../Frameworks",
				);
				MARKETING_VERSION = 1.2;
				PRODUCT_BUNDLE_IDENTIFIER = com.audiotools.AudioVUMeter;
				PRODUCT_NAME = "$(TARGET_NAME)";
				SWIFT_EMIT_LOC_STRINGS = YES;
				SWIFT_VERSION = 5.0;
			};
			name = Release;
		};
/* End XCBuildConfiguration section */

/* Begin XCConfigurationList section */
		A1000017229E3D0000000010 /* Build configuration list for PBXNativeTarget "AudioVUMeter" */ = {
			isa = XCConfigurationList;
			buildConfigurations = (
				A100001E229E3D0000000017 /* Debug */,
				A100001F229E3D0000000018 /* Release */,
			);
			defaultConfigurationIsVisible = 0;
			defaultConfigurationName = Release;
		};
		A100001B229E3D0000000014 /* Build configuration list for PBXProject "AudioVUMeter" */ = {
			isa = XCConfigurationList;
			buildConfigurations = (
				A100001C229E3D0000000015 /* Debug */,
				A100001D229E3D0000000016 /* Release */,
			);
			defaultConfigurationIsVisible = 0;
			defaultConfigurationName = Release;
		};
/* End XCConfigurationList section */
	};
	rootObject = A100001A229E3D0000000013 /* Project object */;
}
